
Microsoft Visual Studio Solution File, Format Version 12.00
# Visual Studio Version 17
VisualStudioVersion = 17.11.35222.181
MinimumVisualStudioVersion = 10.0.40219.1
Project("{FAE04EC0-301F-11D3-BF4B-00C04F79EFBC}") = "Responsi Junior Project", "Responsi Junior Project\Responsi Junior Project.csproj", "{18AF81A3-5222-4E21-85F8-657EFF656B92}"
EndProject
Global
	GlobalSection(SolutionConfigurationPlatforms) = preSolution
		Debug|Any CPU = Debug|Any CPU
		Release|Any CPU = Release|Any CPU
	EndGlobalSection
	GlobalSection(ProjectConfigurationPlatforms) = postSolution
		{18AF81A3-5222-4E21-85F8-657EFF656B92}.Debug|Any CPU.ActiveCfg = Debug|Any CPU
		{18AF81A3-5222-4E21-85F8-657EFF656B92}.Debug|Any CPU.Build.0 = Debug|Any CPU
		{18AF81A3-5222-4E21-85F8-657EFF656B92}.Release|Any CPU.ActiveCfg = Release|Any CPU
		{18AF81A3-5222-4E21-85F8-657EFF656B92}.Release|Any CPU.Build.0 = Release|Any CPU
	EndGlobalSection
	GlobalSection(SolutionProperties) = preSolution
		HideSolutionNode = FALSE
	EndGlobalSection
	GlobalSection(ExtensibilityGlobals) = postSolution
		SolutionGuid = {26F8C33A-1E24-47B7-B90D-A974C872F32C}
	EndGlobalSection
EndGlobal
